
Microsoft Visual Studio Solution File, Format Version 12.00
# Visual Studio Version 16
VisualStudioVersion = 16.0.31605.320
MinimumVisualStudioVersion = 10.0.40219.1
Project("{FAE04EC0-301F-11D3-BF4B-00C04F79EFBC}") = "JOIN_CRUD2", "JOIN_CRUD2\JOIN_CRUD2.csproj", "{6CB61392-E565-4FB2-919A-6632EB5AA029}"
EndProject
Global
	GlobalSection(SolutionConfigurationPlatforms) = preSolution
		Debug|Any CPU = Debug|Any CPU
		Release|Any CPU = Release|Any CPU
	EndGlobalSection
	GlobalSection(ProjectConfigurationPlatforms) = postSolution
		{6CB61392-E565-4FB2-919A-6632EB5AA029}.Debug|Any CPU.ActiveCfg = Debug|Any CPU
		{6CB61392-E565-4FB2-919A-6632EB5AA029}.Debug|Any CPU.Build.0 = Debug|Any CPU
		{6CB61392-E565-4FB2-919A-6632EB5AA029}.Release|Any CPU.ActiveCfg = Release|Any CPU
		{6CB61392-E565-4FB2-919A-6632EB5AA029}.Release|Any CPU.Build.0 = Release|Any CPU
	EndGlobalSection
	GlobalSection(SolutionProperties) = preSolution
		HideSolutionNode = FALSE
	EndGlobalSection
	GlobalSection(ExtensibilityGlobals) = postSolution
		SolutionGuid = {E31DA9DF-BEAF-4A9C-9790-C2278B5E5A4D}
	EndGlobalSection
EndGlobal
